
Microsoft Visual Studio Solution File, Format Version 12.00
Project("{FAE04EC0-301F-11D3-BF4B-00C04F79EFBC}") = "PDFile", "PDFile.csproj", "{3A778672-F4E2-4DD0-ADD7-09F7B222A585}"
EndProject
Global
	GlobalSection(SolutionConfigurationPlatforms) = preSolution
		Debug|Any CPU = Debug|Any CPU
		Release|Any CPU = Release|Any CPU
	EndGlobalSection
	GlobalSection(ProjectConfigurationPlatforms) = postSolution
		{3A778672-F4E2-4DD0-ADD7-09F7B222A585}.Debug|Any CPU.ActiveCfg = Debug|Any CPU
		{3A778672-F4E2-4DD0-ADD7-09F7B222A585}.Debug|Any CPU.Build.0 = Debug|Any CPU
		{3A778672-F4E2-4DD0-ADD7-09F7B222A585}.Release|Any CPU.ActiveCfg = Release|Any CPU
		{3A778672-F4E2-4DD0-ADD7-09F7B222A585}.Release|Any CPU.Build.0 = Release|Any CPU
	EndGlobalSection
EndGlobal
